[[package]]
name = "certifi"
version = "2020.12.5"
description = "Python package for providing Mozilla's CA Bundle."
category = "main"
optional = false
python-versions = "*"

[[package]]
name = "chardet"
version = "4.0.0"
description = "Universal encoding detector for Python 2 and 3"
category = "main"
optional = false
python-versions = ">=2.7, !=3.0.*, !=3.1.*, !=3.2.*, !=3.3.*, !=3.4.*"

[[package]]
name = "easyprocess"
version = "0.3"
description = "Easy to use Python subprocess interface."
category = "main"
optional = false
python-versions = "*"

[[package]]
name = "entrypoint2"
version = "0.2.4"
description = "easy to use command-line interface for python modules"
category = "main"
optional = false
python-versions = "*"

[[package]]
name = "idna"
version = "2.10"
description = "Internationalized Domain Names in Applications (IDNA)"
category = "main"
optional = false
python-versions = ">=2.7, !=3.0.*, !=3.1.*, !=3.2.*, !=3.3.*"

[[package]]
name = "patool"
version = "1.12"
description = "portable archive file manager"
category = "main"
optional = false
python-versions = "*"

[[package]]
name = "pyside6"
version = "6.0.2"
description = "Python bindings for the Qt cross-platform application and UI framework"
category = "main"
optional = false
python-versions = ">=3.6, <3.10"

[package.dependencies]
shiboken6 = "6.0.2"

[[package]]
name = "pyunpack"
version = "0.2.2"
description = "unpack archive files"
category = "main"
optional = false
python-versions = "*"

[package.dependencies]
easyprocess = "*"
entrypoint2 = "*"

[[package]]
name = "requests"
version = "2.25.1"
description = "Python HTTP for Humans."
category = "main"
optional = false
python-versions = ">=2.7, !=3.0.*, !=3.1.*, !=3.2.*, !=3.3.*, !=3.4.*"

[package.dependencies]
certifi = ">=2017.4.17"
chardet = ">=3.0.2,<5"
idna = ">=2.5,<3"
urllib3 = ">=1.21.1,<1.27"

[package.extras]
security = ["pyOpenSSL (>=0.14)", "cryptography (>=1.3.4)"]
socks = ["PySocks (>=1.5.6,!=1.5.7)", "win-inet-pton"]

[[package]]
name = "shiboken6"
version = "6.0.2"
description = "Python / C++ bindings helper module"
category = "main"
optional = false
python-versions = ">=3.6, <3.10"

[[package]]
name = "urllib3"
version = "1.26.4"
description = "HTTP library with thread-safe connection pooling, file post, and more."
category = "main"
optional = false
python-versions = ">=2.7, !=3.0.*, !=3.1.*, !=3.2.*, !=3.3.*, !=3.4.*, <4"

[package.extras]
secure = ["pyOpenSSL (>=0.14)", "cryptography (>=1.3.4)", "idna (>=2.0.0)", "certifi", "ipaddress"]
socks = ["PySocks (>=1.5.6,!=1.5.7,<2.0)"]
brotli = ["brotlipy (>=0.6.0)"]

[metadata]
lock-version = "1.1"
python-versions = ">=3.6, <3.10"
content-hash = "c722408124b50f864fddae9e4cd843ce80352946b54ab26cc224f6bfb6f173f6"

[metadata.files]
certifi = [
    {file = "certifi-2020.12.5-py2.py3-none-any.whl", hash = "sha256:719a74fb9e33b9bd44cc7f3a8d94bc35e4049deebe19ba7d8e108280cfd59830"},
    {file = "certifi-2020.12.5.tar.gz", hash = "sha256:1a4995114262bffbc2413b159f2a1a480c969de6e6eb13ee966d470af86af59c"},
]
chardet = [
    {file = "chardet-4.0.0-py2.py3-none-any.whl", hash = "sha256:f864054d66fd9118f2e67044ac8981a54775ec5b67aed0441892edb553d21da5"},
    {file = "chardet-4.0.0.tar.gz", hash = "sha256:0d6f53a15db4120f2b08c94f11e7d93d2c911ee118b6b30a04ec3ee8310179fa"},
]
easyprocess = [
    {file = "EasyProcess-0.3-py2.py3-none-any.whl", hash = "sha256:fca26794d3ced044d0471bd4ed767d5c287391d8a1c5e9d106fc59478b732543"},
    {file = "EasyProcess-0.3.tar.gz", hash = "sha256:fb948daac01f64c1e49750752711253614846c6fc7e5692a718a7408f2ffb984"},
]
entrypoint2 = [
    {file = "entrypoint2-0.2.4-py3-none-any.whl", hash = "sha256:47a64379a9c5d9f0f3a3857a79f99c21809ce8d554704cb565a7c977b7d67ff7"},
    {file = "entrypoint2-0.2.4.tar.gz", hash = "sha256:4770c3afcf3865c606a6e5f7cfcc5c59212f555fcee9b2540270399149c1dde3"},
]
idna = [
    {file = "idna-2.10-py2.py3-none-any.whl", hash = "sha256:b97d804b1e9b523befed77c48dacec60e6dcb0b5391d57af6a65a312a90648c0"},
    {file = "idna-2.10.tar.gz", hash = "sha256:b307872f855b18632ce0c21c5e45be78c0ea7ae4c15c828c20788b26921eb3f6"},
]
patool = [
    {file = "patool-1.12-py2.py3-none-any.whl", hash = "sha256:3f642549c9a78f5b8bef1af92df385b521d360520d1f34e4dba3fd1dee2a21bc"},
    {file = "patool-1.12.tar.gz", hash = "sha256:e3180cf8bfe13bedbcf6f5628452fca0c2c84a3b5ae8c2d3f55720ea04cb1097"},
]
pyside6 = [
    {file = "PySide6-6.0.2-6.0.2-cp36.cp37.cp38.cp39-abi3-macosx_10_14_x86_64.whl", hash = "sha256:4a41d9ea3ecdb426272224b7e3160848dbe1db4bc0884353b8fef7b429916307"},
    {file = "PySide6-6.0.2-6.0.2-cp36.cp37.cp38.cp39-abi3-macosx_10_15_x86_64.whl", hash = "sha256:794787d72fe70a1030bead33c0f12f33ca708ca2cc87c10636f38580c2165cc5"},
    {file = "PySide6-6.0.2-6.0.2-cp36.cp37.cp38.cp39-abi3-manylinux1_x86_64.whl", hash = "sha256:0672a4930d6d9356c3cd60eaa52b2a82e703a2ad59c75f4266edc65fc7a2c8fa"},
    {file = "PySide6-6.0.2-6.0.2-cp36.cp37.cp38.cp39-none-win_amd64.whl", hash = "sha256:4cf3e34a48d612718b9880ba22b5de7caa371ee7dbdfa47dd1e08dccefc7c369"},
]
pyunpack = [
    {file = "pyunpack-0.2.2-py2.py3-none-any.whl", hash = "sha256:c5754ff2178951aacd554df7d8a128cb6fb2513a8fa46a7f184920faf7411e6a"},
    {file = "pyunpack-0.2.2.tar.gz", hash = "sha256:8db8d350e3329ad06fa0aa00aa28295f5babf8c1249ce26292c026e875ba2436"},
]
requests = [
    {file = "requests-2.25.1-py2.py3-none-any.whl", hash = "sha256:c210084e36a42ae6b9219e00e48287def368a26d03a048ddad7bfee44f75871e"},
    {file = "requests-2.25.1.tar.gz", hash = "sha256:27973dd4a904a4f13b263a19c866c13b92a39ed1c964655f025f3f8d3d75b804"},
]
shiboken6 = [
    {file = "shiboken6-6.0.2-6.0.2-cp36.cp37.cp38.cp39-abi3-macosx_10_14_x86_64.whl", hash = "sha256:51ef62edde0304916e9fa0a2104d96bb65bcb8d8a5b656ff5438e112dc8aeaec"},
    {file = "shiboken6-6.0.2-6.0.2-cp36.cp37.cp38.cp39-abi3-macosx_10_15_x86_64.whl", hash = "sha256:ac98001d44af873076f27d16ac0547c0c09b87b1b2e8d41eb813eaa1de9e25e9"},
    {file = "shiboken6-6.0.2-6.0.2-cp36.cp37.cp38.cp39-abi3-manylinux1_x86_64.whl", hash = "sha256:9a11dd42c20d68caff4e674ba0bfc16564d96c4fb6d7fa23a401d2fae6360857"},
    {file = "shiboken6-6.0.2-6.0.2-cp36.cp37.cp38.cp39-none-win_amd64.whl", hash = "sha256:bf28207d1e8ba0f8ea8492dbbc210ee068180d1a3178412d12a721e63c9d0d52"},
]
urllib3 = [
    {file = "urllib3-1.26.4-py2.py3-none-any.whl", hash = "sha256:2f4da4594db7e1e110a944bb1b551fdf4e6c136ad42e4234131391e21eb5b0df"},
    {file = "urllib3-1.26.4.tar.gz", hash = "sha256:e7b021f7241115872f92f43c6508082facffbd1c048e3c6e2bb9c2a157e28937"},
]
