[[package]]
name = "pyside6"
version = "6.0.2"
description = "Python bindings for the Qt cross-platform application and UI framework"
category = "main"
optional = false
python-versions = ">=3.6, <3.10"

[package.dependencies]
shiboken6 = "6.0.2"

[[package]]
name = "shiboken6"
version = "6.0.2"
description = "Python / C++ bindings helper module"
category = "main"
optional = false
python-versions = ">=3.6, <3.10"

[metadata]
lock-version = "1.1"
python-versions = ">=3.6, <3.10"
content-hash = "5d83547395167e884b9bf0124f7115ae1a782a78ea7e32d5b808e335b38745b0"

[metadata.files]
pyside6 = [
    {file = "PySide6-6.0.2-6.0.2-cp36.cp37.cp38.cp39-abi3-macosx_10_14_x86_64.whl", hash = "sha256:4a41d9ea3ecdb426272224b7e3160848dbe1db4bc0884353b8fef7b429916307"},
    {file = "PySide6-6.0.2-6.0.2-cp36.cp37.cp38.cp39-abi3-macosx_10_15_x86_64.whl", hash = "sha256:794787d72fe70a1030bead33c0f12f33ca708ca2cc87c10636f38580c2165cc5"},
    {file = "PySide6-6.0.2-6.0.2-cp36.cp37.cp38.cp39-abi3-manylinux1_x86_64.whl", hash = "sha256:0672a4930d6d9356c3cd60eaa52b2a82e703a2ad59c75f4266edc65fc7a2c8fa"},
    {file = "PySide6-6.0.2-6.0.2-cp36.cp37.cp38.cp39-none-win_amd64.whl", hash = "sha256:4cf3e34a48d612718b9880ba22b5de7caa371ee7dbdfa47dd1e08dccefc7c369"},
]
shiboken6 = [
    {file = "shiboken6-6.0.2-6.0.2-cp36.cp37.cp38.cp39-abi3-macosx_10_14_x86_64.whl", hash = "sha256:51ef62edde0304916e9fa0a2104d96bb65bcb8d8a5b656ff5438e112dc8aeaec"},
    {file = "shiboken6-6.0.2-6.0.2-cp36.cp37.cp38.cp39-abi3-macosx_10_15_x86_64.whl", hash = "sha256:ac98001d44af873076f27d16ac0547c0c09b87b1b2e8d41eb813eaa1de9e25e9"},
    {file = "shiboken6-6.0.2-6.0.2-cp36.cp37.cp38.cp39-abi3-manylinux1_x86_64.whl", hash = "sha256:9a11dd42c20d68caff4e674ba0bfc16564d96c4fb6d7fa23a401d2fae6360857"},
    {file = "shiboken6-6.0.2-6.0.2-cp36.cp37.cp38.cp39-none-win_amd64.whl", hash = "sha256:bf28207d1e8ba0f8ea8492dbbc210ee068180d1a3178412d12a721e63c9d0d52"},
]
